// !$*UTF8*$!
{
	archiveVersion = 1;
	classes = {
	};
	objectVersion = 56;
	objects = {

/* Begin PBXBuildFile section */
		875FCF9E28D3B454005132F2 /* p00_tiktokApp.swift in Sources */ = {isa = PBXBuildFile; fileRef = 875FCF9D28D3B454005132F2 /* p00_tiktokApp.swift */; };
		875FCFA028D3B454005132F2 /* ContentView.swift in Sources */ = {isa = PBXBuildFile; fileRef = 875FCF9F28D3B454005132F2 /* ContentView.swift */; };
		875FCFA228D3B455005132F2 /* Assets.xcassets in Resources */ = {isa = PBXBuildFile; fileRef = 875FCFA128D3B455005132F2 /* Assets.xcassets */; };
		875FCFA528D3B455005132F2 /* Preview Assets.xcassets in Resources */ = {isa = PBXBuildFile; fileRef = 875FCFA428D3B455005132F2 /* Preview Assets.xcassets */; };
		875FCFAC28D3B51D005132F2 /* Post.swift in Sources */ = {isa = PBXBuildFile; fileRef = 875FCFAB28D3B51D005132F2 /* Post.swift */; };
		875FCFAE28D3B59F005132F2 /* Feed.swift in Sources */ = {isa = PBXBuildFile; fileRef = 875FCFAD28D3B59E005132F2 /* Feed.swift */; };
		875FCFB028D3B6AF005132F2 /* PostView.swift in Sources */ = {isa = PBXBuildFile; fileRef = 875FCFAF28D3B6AF005132F2 /* PostView.swift */; };
		875FCFB228D3BEF6005132F2 /* FeedView.swift in Sources */ = {isa = PBXBuildFile; fileRef = 875FCFB128D3BEF6005132F2 /* FeedView.swift */; };
		875FCFB728D3C626005132F2 /* Image+Helpers.swift in Sources */ = {isa = PBXBuildFile; fileRef = 875FCFB628D3C626005132F2 /* Image+Helpers.swift */; };
		A6429E1328E3A3AE004F2CE5 /* Simulator Screen Shot - iPhone 14 Pro - 2022-09-27 at 17.33.00.png in Resources */ = {isa = PBXBuildFile; fileRef = A6429E1028E3A3AD004F2CE5 /* Simulator Screen Shot - iPhone 14 Pro - 2022-09-27 at 17.33.00.png */; };
		A6429E1428E3A3AE004F2CE5 /* Simulator Screen Shot - iPhone 14 Pro - 2022-09-27 at 17.33.12.png in Resources */ = {isa = PBXBuildFile; fileRef = A6429E1128E3A3AD004F2CE5 /* Simulator Screen Shot - iPhone 14 Pro - 2022-09-27 at 17.33.12.png */; };
		A6429E1528E3A3AE004F2CE5 /* Simulator Screen Shot - iPhone 14 Pro - 2022-09-27 at 17.33.05.png in Resources */ = {isa = PBXBuildFile; fileRef = A6429E1228E3A3AE004F2CE5 /* Simulator Screen Shot - iPhone 14 Pro - 2022-09-27 at 17.33.05.png */; };
		A658C90028E3339000B6CF70 /* NewPostView.swift in Sources */ = {isa = PBXBuildFile; fileRef = A658C8FF28E3339000B6CF70 /* NewPostView.swift */; };
		A658C90228E3353500B6CF70 /* NotificationView.swift in Sources */ = {isa = PBXBuildFile; fileRef = A658C90128E3353500B6CF70 /* NotificationView.swift */; };
		A658C90428E3357F00B6CF70 /* DirectMessagesView.swift in Sources */ = {isa = PBXBuildFile; fileRef = A658C90328E3357F00B6CF70 /* DirectMessagesView.swift */; };
		A658C90628E336E000B6CF70 /* CommentsView.swift in Sources */ = {isa = PBXBuildFile; fileRef = A658C90528E336E000B6CF70 /* CommentsView.swift */; };
		A658C90828E3371900B6CF70 /* ShareView.swift in Sources */ = {isa = PBXBuildFile; fileRef = A658C90728E3371900B6CF70 /* ShareView.swift */; };
/* End PBXBuildFile section */

/* Begin PBXFileReference section */
		875FCF9A28D3B454005132F2 /* instagram-recreation.app */ = {isa = PBXFileReference; explicitFileType = wrapper.application; includeInIndex = 0; path = "instagram-recreation.app"; sourceTree = BUILT_PRODUCTS_DIR; };
		875FCF9D28D3B454005132F2 /* p00_tiktokApp.swift */ = {isa = PBXFileReference; lastKnownFileType = sourcecode.swift; path = p00_tiktokApp.swift; sourceTree = "<group>"; };
		875FCF9F28D3B454005132F2 /* ContentView.swift */ = {isa = PBXFileReference; lastKnownFileType = sourcecode.swift; path = ContentView.swift; sourceTree = "<group>"; };
		875FCFA128D3B455005132F2 /* Assets.xcassets */ = {isa = PBXFileReference; lastKnownFileType = folder.assetcatalog; path = Assets.xcassets; sourceTree = "<group>"; };
		875FCFA428D3B455005132F2 /* Preview Assets.xcassets */ = {isa = PBXFileReference; lastKnownFileType = folder.assetcatalog; path = "Preview Assets.xcassets"; sourceTree = "<group>"; };
		875FCFAB28D3B51D005132F2 /* Post.swift */ = {isa = PBXFileReference; lastKnownFileType = sourcecode.swift; path = Post.swift; sourceTree = "<group>"; };
		875FCFAD28D3B59E005132F2 /* Feed.swift */ = {isa = PBXFileReference; lastKnownFileType = sourcecode.swift; path = Feed.swift; sourceTree = "<group>"; };
		875FCFAF28D3B6AF005132F2 /* PostView.swift */ = {isa = PBXFileReference; lastKnownFileType = sourcecode.swift; path = PostView.swift; sourceTree = "<group>"; };
		875FCFB128D3BEF6005132F2 /* FeedView.swift */ = {isa = PBXFileReference; lastKnownFileType = sourcecode.swift; path = FeedView.swift; sourceTree = "<group>"; };
		875FCFB628D3C626005132F2 /* Image+Helpers.swift */ = {isa = PBXFileReference; lastKnownFileType = sourcecode.swift; path = "Image+Helpers.swift"; sourceTree = "<group>"; };
		A6429E1028E3A3AD004F2CE5 /* Simulator Screen Shot - iPhone 14 Pro - 2022-09-27 at 17.33.00.png */ = {isa = PBXFileReference; lastKnownFileType = image.png; path = "Simulator Screen Shot - iPhone 14 Pro - 2022-09-27 at 17.33.00.png"; sourceTree = "<group>"; };
		A6429E1128E3A3AD004F2CE5 /* Simulator Screen Shot - iPhone 14 Pro - 2022-09-27 at 17.33.12.png */ = {isa = PBXFileReference; lastKnownFileType = image.png; path = "Simulator Screen Shot - iPhone 14 Pro - 2022-09-27 at 17.33.12.png"; sourceTree = "<group>"; };
		A6429E1228E3A3AE004F2CE5 /* Simulator Screen Shot - iPhone 14 Pro - 2022-09-27 at 17.33.05.png */ = {isa = PBXFileReference; lastKnownFileType = image.png; path = "Simulator Screen Shot - iPhone 14 Pro - 2022-09-27 at 17.33.05.png"; sourceTree = "<group>"; };
		A658C8FF28E3339000B6CF70 /* NewPostView.swift */ = {isa = PBXFileReference; lastKnownFileType = sourcecode.swift; path = NewPostView.swift; sourceTree = "<group>"; };
		A658C90128E3353500B6CF70 /* NotificationView.swift */ = {isa = PBXFileReference; lastKnownFileType = sourcecode.swift; path = NotificationView.swift; sourceTree = "<group>"; };
		A658C90328E3357F00B6CF70 /* DirectMessagesView.swift */ = {isa = PBXFileReference; lastKnownFileType = sourcecode.swift; path = DirectMessagesView.swift; sourceTree = "<group>"; };
		A658C90528E336E000B6CF70 /* CommentsView.swift */ = {isa = PBXFileReference; lastKnownFileType = sourcecode.swift; path = CommentsView.swift; sourceTree = "<group>"; };
		A658C90728E3371900B6CF70 /* ShareView.swift */ = {isa = PBXFileReference; lastKnownFileType = sourcecode.swift; path = ShareView.swift; sourceTree = "<group>"; };
/* End PBXFileReference section */

/* Begin PBXFrameworksBuildPhase section */
		875FCF9728D3B454005132F2 /* Frameworks */ = {
			isa = PBXFrameworksBuildPhase;
			buildActionMask = 2147483647;
			files = (
			);
			runOnlyForDeploymentPostprocessing = 0;
		};
/* End PBXFrameworksBuildPhase section */

/* Begin PBXGroup section */
		875FCF9128D3B454005132F2 = {
			isa = PBXGroup;
			children = (
				875FCF9C28D3B454005132F2 /* instagram-recreation */,
				875FCF9B28D3B454005132F2 /* Products */,
			);
			sourceTree = "<group>";
		};
		875FCF9B28D3B454005132F2 /* Products */ = {
			isa = PBXGroup;
			children = (
				875FCF9A28D3B454005132F2 /* instagram-recreation.app */,
			);
			name = Products;
			sourceTree = "<group>";
		};
		875FCF9C28D3B454005132F2 /* instagram-recreation */ = {
			isa = PBXGroup;
			children = (
				A637EF9F28E369EA00650C83 /* Screenshots */,
				875FCF9D28D3B454005132F2 /* p00_tiktokApp.swift */,
				875FCF9F28D3B454005132F2 /* ContentView.swift */,
				A658C90928E3375900B6CF70 /* Interaction */,
				875FCFB328D3C4C1005132F2 /* Post */,
				875FCFB428D3C4CE005132F2 /* Feed */,
				875FCFB528D3C61E005132F2 /* Helpers */,
				875FCFA328D3B455005132F2 /* Preview Content */,
				875FCFA128D3B455005132F2 /* Assets.xcassets */,
			);
			path = "instagram-recreation";
			sourceTree = "<group>";
		};
		875FCFA328D3B455005132F2 /* Preview Content */ = {
			isa = PBXGroup;
			children = (
				875FCFA428D3B455005132F2 /* Preview Assets.xcassets */,
			);
			path = "Preview Content";
			sourceTree = "<group>";
		};
		875FCFB328D3C4C1005132F2 /* Post */ = {
			isa = PBXGroup;
			children = (
				875FCFAB28D3B51D005132F2 /* Post.swift */,
				875FCFAF28D3B6AF005132F2 /* PostView.swift */,
			);
			path = Post;
			sourceTree = "<group>";
		};
		875FCFB428D3C4CE005132F2 /* Feed */ = {
			isa = PBXGroup;
			children = (
				875FCFAD28D3B59E005132F2 /* Feed.swift */,
				875FCFB128D3BEF6005132F2 /* FeedView.swift */,
			);
			path = Feed;
			sourceTree = "<group>";
		};
		875FCFB528D3C61E005132F2 /* Helpers */ = {
			isa = PBXGroup;
			children = (
				875FCFB628D3C626005132F2 /* Image+Helpers.swift */,
			);
			path = Helpers;
			sourceTree = "<group>";
		};
		A637EF9F28E369EA00650C83 /* Screenshots */ = {
			isa = PBXGroup;
			children = (
				A6429E1028E3A3AD004F2CE5 /* Simulator Screen Shot - iPhone 14 Pro - 2022-09-27 at 17.33.00.png */,
				A6429E1228E3A3AE004F2CE5 /* Simulator Screen Shot - iPhone 14 Pro - 2022-09-27 at 17.33.05.png */,
				A6429E1128E3A3AD004F2CE5 /* Simulator Screen Shot - iPhone 14 Pro - 2022-09-27 at 17.33.12.png */,
			);
			path = Screenshots;
			sourceTree = "<group>";
		};
		A658C90928E3375900B6CF70 /* Interaction */ = {
			isa = PBXGroup;
			children = (
				A658C90328E3357F00B6CF70 /* DirectMessagesView.swift */,
				A658C90128E3353500B6CF70 /* NotificationView.swift */,
				A658C8FF28E3339000B6CF70 /* NewPostView.swift */,
				A658C90728E3371900B6CF70 /* ShareView.swift */,
				A658C90528E336E000B6CF70 /* CommentsView.swift */,
			);
			path = Interaction;
			sourceTree = "<group>";
		};
/* End PBXGroup section */

/* Begin PBXNativeTarget section */
		875FCF9928D3B454005132F2 /* instagram-recreation */ = {
			isa = PBXNativeTarget;
			buildConfigurationList = 875FCFA828D3B455005132F2 /* Build configuration list for PBXNativeTarget "instagram-recreation" */;
			buildPhases = (
				875FCF9628D3B454005132F2 /* Sources */,
				875FCF9728D3B454005132F2 /* Frameworks */,
				875FCF9828D3B454005132F2 /* Resources */,
			);
			buildRules = (
			);
			dependencies = (
			);
			name = "instagram-recreation";
			productName = "p00-tiktok";
			productReference = 875FCF9A28D3B454005132F2 /* instagram-recreation.app */;
			productType = "com.apple.product-type.application";
		};
/* End PBXNativeTarget section */

/* Begin PBXProject section */
		875FCF9228D3B454005132F2 /* Project object */ = {
			isa = PBXProject;
			attributes = {
				BuildIndependentTargetsInParallel = 1;
				LastSwiftUpdateCheck = 1400;
				LastUpgradeCheck = 1400;
				TargetAttributes = {
					875FCF9928D3B454005132F2 = {
						CreatedOnToolsVersion = 14.0;
					};
				};
			};
			buildConfigurationList = 875FCF9528D3B454005132F2 /* Build configuration list for PBXProject "instagram-recreation" */;
			compatibilityVersion = "Xcode 14.0";
			developmentRegion = en;
			hasScannedForEncodings = 0;
			knownRegions = (
				en,
				Base,
			);
			mainGroup = 875FCF9128D3B454005132F2;
			productRefGroup = 875FCF9B28D3B454005132F2 /* Products */;
			projectDirPath = "";
			projectRoot = "";
			targets = (
				875FCF9928D3B454005132F2 /* instagram-recreation */,
			);
		};
/* End PBXProject section */

/* Begin PBXResourcesBuildPhase section */
		875FCF9828D3B454005132F2 /* Resources */ = {
			isa = PBXResourcesBuildPhase;
			buildActionMask = 2147483647;
			files = (
				A6429E1528E3A3AE004F2CE5 /* Simulator Screen Shot - iPhone 14 Pro - 2022-09-27 at 17.33.05.png in Resources */,
				A6429E1328E3A3AE004F2CE5 /* Simulator Screen Shot - iPhone 14 Pro - 2022-09-27 at 17.33.00.png in Resources */,
				875FCFA528D3B455005132F2 /* Preview Assets.xcassets in Resources */,
				A6429E1428E3A3AE004F2CE5 /* Simulator Screen Shot - iPhone 14 Pro - 2022-09-27 at 17.33.12.png in Resources */,
				875FCFA228D3B455005132F2 /* Assets.xcassets in Resources */,
			);
			runOnlyForDeploymentPostprocessing = 0;
		};
/* End PBXResourcesBuildPhase section */

/* Begin PBXSourcesBuildPhase section */
		875FCF9628D3B454005132F2 /* Sources */ = {
			isa = PBXSourcesBuildPhase;
			buildActionMask = 2147483647;
			files = (
				A658C90828E3371900B6CF70 /* ShareView.swift in Sources */,
				875FCFB728D3C626005132F2 /* Image+Helpers.swift in Sources */,
				875FCFAC28D3B51D005132F2 /* Post.swift in Sources */,
				875FCFAE28D3B59F005132F2 /* Feed.swift in Sources */,
				A658C90428E3357F00B6CF70 /* DirectMessagesView.swift in Sources */,
				875FCFA028D3B454005132F2 /* ContentView.swift in Sources */,
				875FCFB028D3B6AF005132F2 /* PostView.swift in Sources */,
				A658C90628E336E000B6CF70 /* CommentsView.swift in Sources */,
				875FCFB228D3BEF6005132F2 /* FeedView.swift in Sources */,
				875FCF9E28D3B454005132F2 /* p00_tiktokApp.swift in Sources */,
				A658C90028E3339000B6CF70 /* NewPostView.swift in Sources */,
				A658C90228E3353500B6CF70 /* NotificationView.swift in Sources */,
			);
			runOnlyForDeploymentPostprocessing = 0;
		};
/* End PBXSourcesBuildPhase section */

/* Begin XCBuildConfiguration section */
		875FCFA628D3B455005132F2 /* Debug */ = {
			isa = XCBuildConfiguration;
			buildSettings = {
				ALWAYS_SEARCH_USER_PATHS = NO;
				CLANG_ANALYZER_NONNULL = YES;
				CLANG_ANALYZER_NUMBER_OBJECT_CONVERSION = YES_AGGRESSIVE;
				CLANG_CXX_LANGUAGE_STANDARD = "gnu++20";
				CLANG_ENABLE_MODULES = YES;
				CLANG_ENABLE_OBJC_ARC = YES;
				CLANG_ENABLE_OBJC_WEAK = YES;
				CLANG_WARN_BLOCK_CAPTURE_AUTORELEASING = YES;
				CLANG_WARN_BOOL_CONVERSION = YES;
				CLANG_WARN_COMMA = YES;
				CLANG_WARN_CONSTANT_CONVERSION = YES;
				CLANG_WARN_DEPRECATED_OBJC_IMPLEMENTATIONS = YES;
				CLANG_WARN_DIRECT_OBJC_ISA_USAGE = YES_ERROR;
				CLANG_WARN_DOCUMENTATION_COMMENTS = YES;
				CLANG_WARN_EMPTY_BODY = YES;
				CLANG_WARN_ENUM_CONVERSION = YES;
				CLANG_WARN_INFINITE_RECURSION = YES;
				CLANG_WARN_INT_CONVERSION = YES;
				CLANG_WARN_NON_LITERAL_NULL_CONVERSION = YES;
				CLANG_WARN_OBJC_IMPLICIT_RETAIN_SELF = YES;
				CLANG_WARN_OBJC_LITERAL_CONVERSION = YES;
				CLANG_WARN_OBJC_ROOT_CLASS = YES_ERROR;
				CLANG_WARN_QUOTED_INCLUDE_IN_FRAMEWORK_HEADER = YES;
				CLANG_WARN_RANGE_LOOP_ANALYSIS = YES;
				CLANG_WARN_STRICT_PROTOTYPES = YES;
				CLANG_WARN_SUSPICIOUS_MOVE = YES;
				CLANG_WARN_UNGUARDED_AVAILABILITY = YES_AGGRESSIVE;
				CLANG_WARN_UNREACHABLE_CODE = YES;
				CLANG_WARN__DUPLICATE_METHOD_MATCH = YES;
				COPY_PHASE_STRIP = NO;
				DEBUG_INFORMATION_FORMAT = dwarf;
				ENABLE_STRICT_OBJC_MSGSEND = YES;
				ENABLE_TESTABILITY = YES;
				GCC_C_LANGUAGE_STANDARD = gnu11;
				GCC_DYNAMIC_NO_PIC = NO;
				GCC_NO_COMMON_BLOCKS = YES;
				GCC_OPTIMIZATION_LEVEL = 0;
				GCC_PREPROCESSOR_DEFINITIONS = (
					"DEBUG=1",
					"$(inherited)",
				);
				GCC_WARN_64_TO_32_BIT_CONVERSION = YES;
				GCC_WARN_ABOUT_RETURN_TYPE = YES_ERROR;
				GCC_WARN_UNDECLARED_SELECTOR = YES;
				GCC_WARN_UNINITIALIZED_AUTOS = YES_AGGRESSIVE;
				GCC_WARN_UNUSED_FUNCTION = YES;
				GCC_WARN_UNUSED_VARIABLE = YES;
				IPHONEOS_DEPLOYMENT_TARGET = 16.0;
				MTL_ENABLE_DEBUG_INFO = INCLUDE_SOURCE;
				MTL_FAST_MATH = YES;
				ONLY_ACTIVE_ARCH = YES;
				SDKROOT = iphoneos;
				SWIFT_ACTIVE_COMPILATION_CONDITIONS = DEBUG;
				SWIFT_OPTIMIZATION_LEVEL = "-Onone";
			};
			name = Debug;
		};
		875FCFA728D3B455005132F2 /* Release */ = {
			isa = XCBuildConfiguration;
			buildSettings = {
				ALWAYS_SEARCH_USER_PATHS = NO;
				CLANG_ANALYZER_NONNULL = YES;
				CLANG_ANALYZER_NUMBER_OBJECT_CONVERSION = YES_AGGRESSIVE;
				CLANG_CXX_LANGUAGE_STANDARD = "gnu++20";
				CLANG_ENABLE_MODULES = YES;
				CLANG_ENABLE_OBJC_ARC = YES;
				CLANG_ENABLE_OBJC_WEAK = YES;
				CLANG_WARN_BLOCK_CAPTURE_AUTORELEASING = YES;
				CLANG_WARN_BOOL_CONVERSION = YES;
				CLANG_WARN_COMMA = YES;
				CLANG_WARN_CONSTANT_CONVERSION = YES;
				CLANG_WARN_DEPRECATED_OBJC_IMPLEMENTATIONS = YES;
				CLANG_WARN_DIRECT_OBJC_ISA_USAGE = YES_ERROR;
				CLANG_WARN_DOCUMENTATION_COMMENTS = YES;
				CLANG_WARN_EMPTY_BODY = YES;
				CLANG_WARN_ENUM_CONVERSION = YES;
				CLANG_WARN_INFINITE_RECURSION = YES;
				CLANG_WARN_INT_CONVERSION = YES;
				CLANG_WARN_NON_LITERAL_NULL_CONVERSION = YES;
				CLANG_WARN_OBJC_IMPLICIT_RETAIN_SELF = YES;
				CLANG_WARN_OBJC_LITERAL_CONVERSION = YES;
				CLANG_WARN_OBJC_ROOT_CLASS = YES_ERROR;
				CLANG_WARN_QUOTED_INCLUDE_IN_FRAMEWORK_HEADER = YES;
				CLANG_WARN_RANGE_LOOP_ANALYSIS = YES;
				CLANG_WARN_STRICT_PROTOTYPES = YES;
				CLANG_WARN_SUSPICIOUS_MOVE = YES;
				CLANG_WARN_UNGUARDED_AVAILABILITY = YES_AGGRESSIVE;
				CLANG_WARN_UNREACHABLE_CODE = YES;
				CLANG_WARN__DUPLICATE_METHOD_MATCH = YES;
				COPY_PHASE_STRIP = NO;
				DEBUG_INFORMATION_FORMAT = "dwarf-with-dsym";
				ENABLE_NS_ASSERTIONS = NO;
				ENABLE_STRICT_OBJC_MSGSEND = YES;
				GCC_C_LANGUAGE_STANDARD = gnu11;
				GCC_NO_COMMON_BLOCKS = YES;
				GCC_WARN_64_TO_32_BIT_CONVERSION = YES;
				GCC_WARN_ABOUT_RETURN_TYPE = YES_ERROR;
				GCC_WARN_UNDECLARED_SELECTOR = YES;
				GCC_WARN_UNINITIALIZED_AUTOS = YES_AGGRESSIVE;
				GCC_WARN_UNUSED_FUNCTION = YES;
				GCC_WARN_UNUSED_VARIABLE = YES;
				IPHONEOS_DEPLOYMENT_TARGET = 16.0;
				MTL_ENABLE_DEBUG_INFO = NO;
				MTL_FAST_MATH = YES;
				SDKROOT = iphoneos;
				SWIFT_COMPILATION_MODE = wholemodule;
				SWIFT_OPTIMIZATION_LEVEL = "-O";
				VALIDATE_PRODUCT = YES;
			};
			name = Release;
		};
		875FCFA928D3B455005132F2 /* Debug */ = {
			isa = XCBuildConfiguration;
			buildSettings = {
				ASSETCATALOG_COMPILER_APPICON_NAME = AppIcon;
				ASSETCATALOG_COMPILER_GLOBAL_ACCENT_COLOR_NAME = AccentColor;
				CODE_SIGN_STYLE = Automatic;
				CURRENT_PROJECT_VERSION = 1;
				DEVELOPMENT_ASSET_PATHS = "\"instagram-recreation/Preview Content\"";
				DEVELOPMENT_TEAM = Q9PPH2T3L2;
				ENABLE_PREVIEWS = YES;
				GENERATE_INFOPLIST_FILE = YES;
				INFOPLIST_KEY_UIApplicationSceneManifest_Generation = YES;
				INFOPLIST_KEY_UIApplicationSupportsIndirectInputEvents = YES;
				INFOPLIST_KEY_UILaunchScreen_Generation = YES;
				INFOPLIST_KEY_UISupportedInterfaceOrientations_iPad = "UIInterfaceOrientationPortrait UIInterfaceOrientationPortraitUpsideDown UIInterfaceOrientationLandscapeLeft UIInterfaceOrientationLandscapeRight";
				INFOPLIST_KEY_UISupportedInterfaceOrientations_iPhone = "UIInterfaceOrientationPortrait UIInterfaceOrientationLandscapeLeft UIInterfaceOrientationLandscapeRight";
				LD_RUNPATH_SEARCH_PATHS = (
					"$(inherited)",
					"@executable_path/Frameworks",
				);
				MARKETING_VERSION = 1.0;
				PRODUCT_BUNDLE_IDENTIFIER = "com.samuelshi.p00-tiktok";
				PRODUCT_NAME = "$(TARGET_NAME)";
				SWIFT_EMIT_LOC_STRINGS = YES;
				SWIFT_VERSION = 5.0;
				TARGETED_DEVICE_FAMILY = "1,2";
			};
			name = Debug;
		};
		875FCFAA28D3B455005132F2 /* Release */ = {
			isa = XCBuildConfiguration;
			buildSettings = {
				ASSETCATALOG_COMPILER_APPICON_NAME = AppIcon;
				ASSETCATALOG_COMPILER_GLOBAL_ACCENT_COLOR_NAME = AccentColor;
				CODE_SIGN_STYLE = Automatic;
				CURRENT_PROJECT_VERSION = 1;
				DEVELOPMENT_ASSET_PATHS = "\"instagram-recreation/Preview Content\"";
				DEVELOPMENT_TEAM = Q9PPH2T3L2;
				ENABLE_PREVIEWS = YES;
				GENERATE_INFOPLIST_FILE = YES;
				INFOPLIST_KEY_UIApplicationSceneManifest_Generation = YES;
				INFOPLIST_KEY_UIApplicationSupportsIndirectInputEvents = YES;
				INFOPLIST_KEY_UILaunchScreen_Generation = YES;
				INFOPLIST_KEY_UISupportedInterfaceOrientations_iPad = "UIInterfaceOrientationPortrait UIInterfaceOrientationPortraitUpsideDown UIInterfaceOrientationLandscapeLeft UIInterfaceOrientationLandscapeRight";
				INFOPLIST_KEY_UISupportedInterfaceOrientations_iPhone = "UIInterfaceOrientationPortrait UIInterfaceOrientationLandscapeLeft UIInterfaceOrientationLandscapeRight";
				LD_RUNPATH_SEARCH_PATHS = (
					"$(inherited)",
					"@executable_path/Frameworks",
				);
				MARKETING_VERSION = 1.0;
				PRODUCT_BUNDLE_IDENTIFIER = "com.samuelshi.p00-tiktok";
				PRODUCT_NAME = "$(TARGET_NAME)";
				SWIFT_EMIT_LOC_STRINGS = YES;
				SWIFT_VERSION = 5.0;
				TARGETED_DEVICE_FAMILY = "1,2";
			};
			name = Release;
		};
/* End XCBuildConfiguration section */

/* Begin XCConfigurationList section */
		875FCF9528D3B454005132F2 /* Build configuration list for PBXProject "instagram-recreation" */ = {
			isa = XCConfigurationList;
			buildConfigurations = (
				875FCFA628D3B455005132F2 /* Debug */,
				875FCFA728D3B455005132F2 /* Release */,
			);
			defaultConfigurationIsVisible = 0;
			defaultConfigurationName = Release;
		};
		875FCFA828D3B455005132F2 /* Build configuration list for PBXNativeTarget "instagram-recreation" */ = {
			isa = XCConfigurationList;
			buildConfigurations = (
				875FCFA928D3B455005132F2 /* Debug */,
				875FCFAA28D3B455005132F2 /* Release */,
			);
			defaultConfigurationIsVisible = 0;
			defaultConfigurationName = Release;
		};
/* End XCConfigurationList section */
	};
	rootObject = 875FCF9228D3B454005132F2 /* Project object */;
}
